
Microsoft Visual Studio Solution File, Format Version 12.00
# Visual Studio Version 17
VisualStudioVersion = 17.8.34330.188
MinimumVisualStudioVersion = 10.0.40219.1
Project("{FAE04EC0-301F-11D3-BF4B-00C04F79EFBC}") = "OutdoorWeather1", "OutdoorWeather1\OutdoorWeather1.csproj", "{4942CFE5-4E6D-4308-8DBF-2BC67781C517}"
EndProject
Global
	GlobalSection(SolutionConfigurationPlatforms) = preSolution
		Debug|Any CPU = Debug|Any CPU
		Release|Any CPU = Release|Any CPU
	EndGlobalSection
	GlobalSection(ProjectConfigurationPlatforms) = postSolution
		{4942CFE5-4E6D-4308-8DBF-2BC67781C517}.Debug|Any CPU.ActiveCfg = Debug|Any CPU
		{4942CFE5-4E6D-4308-8DBF-2BC67781C517}.Debug|Any CPU.Build.0 = Debug|Any CPU
		{4942CFE5-4E6D-4308-8DBF-2BC67781C517}.Release|Any CPU.ActiveCfg = Release|Any CPU
		{4942CFE5-4E6D-4308-8DBF-2BC67781C517}.Release|Any CPU.Build.0 = Release|Any CPU
	EndGlobalSection
	GlobalSection(SolutionProperties) = preSolution
		HideSolutionNode = FALSE
	EndGlobalSection
	GlobalSection(ExtensibilityGlobals) = postSolution
		SolutionGuid = {0A443C36-B15D-4EE5-BF0E-602FBBFA9BE5}
	EndGlobalSection
EndGlobal
